
Microsoft Visual Studio Solution File, Format Version 12.00
# Visual Studio Version 16
VisualStudioVersion = 16.0.31112.23
MinimumVisualStudioVersion = 10.0.40219.1
Project("{9A19103F-16F7-4668-BE54-9A1E7A4F7556}") = "NetCheck", "NetCheck\NetCheck.csproj", "{6160D8D8-FC14-4D17-95E8-D0E6DE1AF1F4}"
EndProject
Project("{FAE04EC0-301F-11D3-BF4B-00C04F79EFBC}") = "Reflection", "Reflection\Reflection.csproj", "{3FB84562-C916-4487-9A43-E23F9D36C628}"
EndProject
Project("{FAE04EC0-301F-11D3-BF4B-00C04F79EFBC}") = "Multi-threading", "Multi-threading\Multi-threading.csproj", "{1B4288F2-3F1C-497F-A28D-AC549085BB0E}"
EndProject
Global
	GlobalSection(SolutionConfigurationPlatforms) = preSolution
		Debug|Any CPU = Debug|Any CPU
		Release|Any CPU = Release|Any CPU
	EndGlobalSection
	GlobalSection(ProjectConfigurationPlatforms) = postSolution
		{6160D8D8-FC14-4D17-95E8-D0E6DE1AF1F4}.Debug|Any CPU.ActiveCfg = Debug|Any CPU
		{6160D8D8-FC14-4D17-95E8-D0E6DE1AF1F4}.Debug|Any CPU.Build.0 = Debug|Any CPU
		{6160D8D8-FC14-4D17-95E8-D0E6DE1AF1F4}.Release|Any CPU.ActiveCfg = Release|Any CPU
		{6160D8D8-FC14-4D17-95E8-D0E6DE1AF1F4}.Release|Any CPU.Build.0 = Release|Any CPU
		{3FB84562-C916-4487-9A43-E23F9D36C628}.Debug|Any CPU.ActiveCfg = Debug|Any CPU
		{3FB84562-C916-4487-9A43-E23F9D36C628}.Debug|Any CPU.Build.0 = Debug|Any CPU
		{3FB84562-C916-4487-9A43-E23F9D36C628}.Release|Any CPU.ActiveCfg = Release|Any CPU
		{3FB84562-C916-4487-9A43-E23F9D36C628}.Release|Any CPU.Build.0 = Release|Any CPU
		{1B4288F2-3F1C-497F-A28D-AC549085BB0E}.Debug|Any CPU.ActiveCfg = Debug|Any CPU
		{1B4288F2-3F1C-497F-A28D-AC549085BB0E}.Debug|Any CPU.Build.0 = Debug|Any CPU
		{1B4288F2-3F1C-497F-A28D-AC549085BB0E}.Release|Any CPU.ActiveCfg = Release|Any CPU
		{1B4288F2-3F1C-497F-A28D-AC549085BB0E}.Release|Any CPU.Build.0 = Release|Any CPU
	EndGlobalSection
	GlobalSection(SolutionProperties) = preSolution
		HideSolutionNode = FALSE
	EndGlobalSection
	GlobalSection(ExtensibilityGlobals) = postSolution
		SolutionGuid = {D18E31FF-BCA9-435E-BCFF-B33D3676668A}
	EndGlobalSection
EndGlobal
